<?xml version="1.0" encoding="UTF-8" standalone="yes" ?>
<CodeBlocks_project_file>
	<FileVersion major="1" minor="6" />
	<Project>
		<Option title="OptionPricer4" />
		<Option pch_mode="2" />
		<Option compiler="gcc" />
		<Build>
			<Target title="Debug">
				<Option output="bin\Debug\OptionPricer4" prefix_auto="1" extension_auto="1" />
				<Option object_output="obj\Debug\" />
				<Option type="1" />
				<Option compiler="gcc" />
				<Compiler>
					<Add option="-g" />
				</Compiler>
			</Target>
			<Target title="Release">
				<Option output="bin\Release\OptionPricer4" prefix_auto="1" extension_auto="1" />
				<Option object_output="obj\Release\" />
				<Option type="1" />
				<Option compiler="gcc" />
				<Compiler>
					<Add option="-O2" />
				</Compiler>
				<Linker>
					<Add option="-s" />
				</Linker>
			</Target>
		</Build>
		<Compiler>
			<Add option="-Wall" />
			<Add option="-fexceptions" />
		</Compiler>
		<Unit filename="AntiThehetic.cpp" />
		<Unit filename="AntiThehetic.h" />
		<Unit filename="Arrays.cpp" />
		<Unit filename="Arrays.h" />
		<Unit filename="ConvergenceTable.cpp" />
		<Unit filename="ConvergenceTable.h" />
		<Unit filename="DoubleDigital2.cpp" />
		<Unit filename="DoubleDigital2.h" />
		<Unit filename="MCStatistics.cpp" />
		<Unit filename="MCStatistics.h" />
		<Unit filename="Normals.cpp" />
		<Unit filename="Normals.h" />
		<Unit filename="Parameters.cpp" />
		<Unit filename="Parameters.h" />
		<Unit filename="ParkMiller.cpp" />
		<Unit filename="ParkMiller.h" />
		<Unit filename="PayOff3.cpp" />
		<Unit filename="PayOff3.h" />
		<Unit filename="PayOffBridge.cpp" />
		<Unit filename="PayOffBridge.h" />
		<Unit filename="Random1.cpp" />
		<Unit filename="Random1.h" />
		<Unit filename="Random2.cpp" />
		<Unit filename="Random2.h">
			<Option target="&lt;{~None~}&gt;" />
		</Unit>
		<Unit filename="RandomMain3.cpp">
			<Option compile="0" />
			<Option link="0" />
			<Option target="&lt;{~None~}&gt;" />
		</Unit>
		<Unit filename="SimpleMC4.cpp">
			<Option compile="0" />
			<Option link="0" />
			<Option target="&lt;{~None~}&gt;" />
		</Unit>
		<Unit filename="SimpleMC4.h">
			<Option target="&lt;{~None~}&gt;" />
		</Unit>
		<Unit filename="SimpleMC6.cpp">
			<Option compile="0" />
			<Option link="0" />
			<Option target="&lt;{~None~}&gt;" />
		</Unit>
		<Unit filename="SimpleMC6.h">
			<Option target="&lt;{~None~}&gt;" />
		</Unit>
		<Unit filename="SimpleMC7.cpp">
			<Option compile="0" />
			<Option link="0" />
			<Option target="&lt;{~None~}&gt;" />
		</Unit>
		<Unit filename="SimpleMC7.h">
			<Option target="&lt;{~None~}&gt;" />
		</Unit>
		<Unit filename="SimpleMC8.cpp" />
		<Unit filename="SimpleMC8.h" />
		<Unit filename="StatsMain1.cpp">
			<Option compile="0" />
			<Option link="0" />
			<Option target="&lt;{~None~}&gt;" />
		</Unit>
		<Unit filename="StatsMain2.cpp">
			<Option compile="0" />
			<Option link="0" />
			<Option target="&lt;{~None~}&gt;" />
		</Unit>
		<Unit filename="TestPieceWiseConstant.cpp" />
		<Unit filename="Vanilla3.cpp" />
		<Unit filename="Vanilla3.h" />
		<Unit filename="VanillaMain3.cpp">
			<Option compile="0" />
			<Option link="0" />
			<Option target="&lt;{~None~}&gt;" />
		</Unit>
		<Unit filename="VanillaMain4.cpp">
			<Option compile="0" />
			<Option link="0" />
			<Option target="&lt;{~None~}&gt;" />
		</Unit>
		<Unit filename="Wrapper.h" />
		<Extensions>
			<code_completion />
			<debugger />
		</Extensions>
	</Project>
</CodeBlocks_project_file>
